// !$*UTF8*$!
{
	archiveVersion = 1;
	classes = {
	};
	objectVersion = 56;
	objects = {

/* Begin PBXBuildFile section */
		0231051929ECBB490050F864 /* ResourceFramework.docc in Sources */ = {isa = PBXBuildFile; fileRef = 0231051829ECBB490050F864 /* ResourceFramework.docc */; };
		0231051F29ECBB490050F864 /* ResourceFramework.framework in Frameworks */ = {isa = PBXBuildFile; fileRef = 0231051429ECBB490050F864 /* ResourceFramework.framework */; };
		0231052429ECBB490050F864 /* ResourceFrameworkTests.swift in Sources */ = {isa = PBXBuildFile; fileRef = 0231052329ECBB490050F864 /* ResourceFrameworkTests.swift */; };
		0231052529ECBB490050F864 /* ResourceFramework.h in Headers */ = {isa = PBXBuildFile; fileRef = 0231051729ECBB490050F864 /* ResourceFramework.h */; settings = {ATTRIBUTES = (Public, ); }; };
		0231053329ECBC890050F864 /* R.swift in Sources */ = {isa = PBXBuildFile; fileRef = 0231053229ECBC890050F864 /* R.swift */; };
		0231053529ECBCC50050F864 /* R+Image.swift in Sources */ = {isa = PBXBuildFile; fileRef = 0231053429ECBCC50050F864 /* R+Image.swift */; };
		0231053729ECBE560050F864 /* R+Color.swift in Sources */ = {isa = PBXBuildFile; fileRef = 0231053629ECBE560050F864 /* R+Color.swift */; };
		023A3C2529ECCAA400157117 /* Image.xcassets in Resources */ = {isa = PBXBuildFile; fileRef = 023A3C2329ECCA9600157117 /* Image.xcassets */; };
		023A3C2629ECCAA400157117 /* Color.xcassets in Resources */ = {isa = PBXBuildFile; fileRef = 023A3C2429ECCA9600157117 /* Color.xcassets */; };
/* End PBXBuildFile section */

/* Begin PBXContainerItemProxy section */
		0231052029ECBB490050F864 /* PBXContainerItemProxy */ = {
			isa = PBXContainerItemProxy;
			containerPortal = 0231050B29ECBB490050F864 /* Project object */;
			proxyType = 1;
			remoteGlobalIDString = 0231051329ECBB490050F864;
			remoteInfo = ResourceFramework;
		};
/* End PBXContainerItemProxy section */

/* Begin PBXFileReference section */
		0231051429ECBB490050F864 /* ResourceFramework.framework */ = {isa = PBXFileReference; explicitFileType = wrapper.framework; includeInIndex = 0; path = ResourceFramework.framework; sourceTree = BUILT_PRODUCTS_DIR; };
		0231051729ECBB490050F864 /* ResourceFramework.h */ = {isa = PBXFileReference; lastKnownFileType = sourcecode.c.h; path = ResourceFramework.h; sourceTree = "<group>"; };
		0231051829ECBB490050F864 /* ResourceFramework.docc */ = {isa = PBXFileReference; lastKnownFileType = folder.documentationcatalog; path = ResourceFramework.docc; sourceTree = "<group>"; };
		0231051E29ECBB490050F864 /* ResourceFrameworkTests.xctest */ = {isa = PBXFileReference; explicitFileType = wrapper.cfbundle; includeInIndex = 0; path = ResourceFrameworkTests.xctest; sourceTree = BUILT_PRODUCTS_DIR; };
		0231052329ECBB490050F864 /* ResourceFrameworkTests.swift */ = {isa = PBXFileReference; lastKnownFileType = sourcecode.swift; path = ResourceFrameworkTests.swift; sourceTree = "<group>"; };
		0231053229ECBC890050F864 /* R.swift */ = {isa = PBXFileReference; lastKnownFileType = sourcecode.swift; path = R.swift; sourceTree = "<group>"; };
		0231053429ECBCC50050F864 /* R+Image.swift */ = {isa = PBXFileReference; lastKnownFileType = sourcecode.swift; path = "R+Image.swift"; sourceTree = "<group>"; };
		0231053629ECBE560050F864 /* R+Color.swift */ = {isa = PBXFileReference; lastKnownFileType = sourcecode.swift; path = "R+Color.swift"; sourceTree = "<group>"; };
		023A3C2329ECCA9600157117 /* Image.xcassets */ = {isa = PBXFileReference; lastKnownFileType = folder.assetcatalog; path = Image.xcassets; sourceTree = "<group>"; };
		023A3C2429ECCA9600157117 /* Color.xcassets */ = {isa = PBXFileReference; lastKnownFileType = folder.assetcatalog; path = Color.xcassets; sourceTree = "<group>"; };
/* End PBXFileReference section */

/* Begin PBXFrameworksBuildPhase section */
		0231051129ECBB490050F864 /* Frameworks */ = {
			isa = PBXFrameworksBuildPhase;
			buildActionMask = 2147483647;
			files = (
			);
			runOnlyForDeploymentPostprocessing = 0;
		};
		0231051B29ECBB490050F864 /* Frameworks */ = {
			isa = PBXFrameworksBuildPhase;
			buildActionMask = 2147483647;
			files = (
				0231051F29ECBB490050F864 /* ResourceFramework.framework in Frameworks */,
			);
			runOnlyForDeploymentPostprocessing = 0;
		};
/* End PBXFrameworksBuildPhase section */

/* Begin PBXGroup section */
		0231050A29ECBB490050F864 = {
			isa = PBXGroup;
			children = (
				0231051629ECBB490050F864 /* ResourceFramework */,
				0231052229ECBB490050F864 /* ResourceFrameworkTests */,
				0231051529ECBB490050F864 /* Products */,
			);
			sourceTree = "<group>";
		};
		0231051529ECBB490050F864 /* Products */ = {
			isa = PBXGroup;
			children = (
				0231051429ECBB490050F864 /* ResourceFramework.framework */,
				0231051E29ECBB490050F864 /* ResourceFrameworkTests.xctest */,
			);
			name = Products;
			sourceTree = "<group>";
		};
		0231051629ECBB490050F864 /* ResourceFramework */ = {
			isa = PBXGroup;
			children = (
				023A3C2229ECCA9600157117 /* Resources */,
				0231051729ECBB490050F864 /* ResourceFramework.h */,
				0231051829ECBB490050F864 /* ResourceFramework.docc */,
				0231053229ECBC890050F864 /* R.swift */,
				0231053429ECBCC50050F864 /* R+Image.swift */,
				0231053629ECBE560050F864 /* R+Color.swift */,
			);
			path = ResourceFramework;
			sourceTree = "<group>";
		};
		0231052229ECBB490050F864 /* ResourceFrameworkTests */ = {
			isa = PBXGroup;
			children = (
				0231052329ECBB490050F864 /* ResourceFrameworkTests.swift */,
			);
			path = ResourceFrameworkTests;
			sourceTree = "<group>";
		};
		023A3C2229ECCA9600157117 /* Resources */ = {
			isa = PBXGroup;
			children = (
				023A3C2329ECCA9600157117 /* Image.xcassets */,
				023A3C2429ECCA9600157117 /* Color.xcassets */,
			);
			path = Resources;
			sourceTree = "<group>";
		};
/* End PBXGroup section */

/* Begin PBXHeadersBuildPhase section */
		0231050F29ECBB490050F864 /* Headers */ = {
			isa = PBXHeadersBuildPhase;
			buildActionMask = 2147483647;
			files = (
				0231052529ECBB490050F864 /* ResourceFramework.h in Headers */,
			);
			runOnlyForDeploymentPostprocessing = 0;
		};
/* End PBXHeadersBuildPhase section */

/* Begin PBXNativeTarget section */
		0231051329ECBB490050F864 /* ResourceFramework */ = {
			isa = PBXNativeTarget;
			buildConfigurationList = 0231052829ECBB490050F864 /* Build configuration list for PBXNativeTarget "ResourceFramework" */;
			buildPhases = (
				0231050F29ECBB490050F864 /* Headers */,
				0231051029ECBB490050F864 /* Sources */,
				0231051129ECBB490050F864 /* Frameworks */,
				0231051229ECBB490050F864 /* Resources */,
			);
			buildRules = (
			);
			dependencies = (
			);
			name = ResourceFramework;
			productName = ResourceFramework;
			productReference = 0231051429ECBB490050F864 /* ResourceFramework.framework */;
			productType = "com.apple.product-type.framework";
		};
		0231051D29ECBB490050F864 /* ResourceFrameworkTests */ = {
			isa = PBXNativeTarget;
			buildConfigurationList = 0231052B29ECBB490050F864 /* Build configuration list for PBXNativeTarget "ResourceFrameworkTests" */;
			buildPhases = (
				0231051A29ECBB490050F864 /* Sources */,
				0231051B29ECBB490050F864 /* Frameworks */,
				0231051C29ECBB490050F864 /* Resources */,
			);
			buildRules = (
			);
			dependencies = (
				0231052129ECBB490050F864 /* PBXTargetDependency */,
			);
			name = ResourceFrameworkTests;
			productName = ResourceFrameworkTests;
			productReference = 0231051E29ECBB490050F864 /* ResourceFrameworkTests.xctest */;
			productType = "com.apple.product-type.bundle.unit-test";
		};
/* End PBXNativeTarget section */

/* Begin PBXProject section */
		0231050B29ECBB490050F864 /* Project object */ = {
			isa = PBXProject;
			attributes = {
				BuildIndependentTargetsInParallel = 1;
				LastSwiftUpdateCheck = 1420;
				LastUpgradeCheck = 1420;
				TargetAttributes = {
					0231051329ECBB490050F864 = {
						CreatedOnToolsVersion = 14.2;
					};
					0231051D29ECBB490050F864 = {
						CreatedOnToolsVersion = 14.2;
					};
				};
			};
			buildConfigurationList = 0231050E29ECBB490050F864 /* Build configuration list for PBXProject "ResourceFramework" */;
			compatibilityVersion = "Xcode 14.0";
			developmentRegion = en;
			hasScannedForEncodings = 0;
			knownRegions = (
				en,
				Base,
			);
			mainGroup = 0231050A29ECBB490050F864;
			productRefGroup = 0231051529ECBB490050F864 /* Products */;
			projectDirPath = "";
			projectRoot = "";
			targets = (
				0231051329ECBB490050F864 /* ResourceFramework */,
				0231051D29ECBB490050F864 /* ResourceFrameworkTests */,
			);
		};
/* End PBXProject section */

/* Begin PBXResourcesBuildPhase section */
		0231051229ECBB490050F864 /* Resources */ = {
			isa = PBXResourcesBuildPhase;
			buildActionMask = 2147483647;
			files = (
				023A3C2529ECCAA400157117 /* Image.xcassets in Resources */,
				023A3C2629ECCAA400157117 /* Color.xcassets in Resources */,
			);
			runOnlyForDeploymentPostprocessing = 0;
		};
		0231051C29ECBB490050F864 /* Resources */ = {
			isa = PBXResourcesBuildPhase;
			buildActionMask = 2147483647;
			files = (
			);
			runOnlyForDeploymentPostprocessing = 0;
		};
/* End PBXResourcesBuildPhase section */

/* Begin PBXSourcesBuildPhase section */
		0231051029ECBB490050F864 /* Sources */ = {
			isa = PBXSourcesBuildPhase;
			buildActionMask = 2147483647;
			files = (
				0231053729ECBE560050F864 /* R+Color.swift in Sources */,
				0231053529ECBCC50050F864 /* R+Image.swift in Sources */,
				0231053329ECBC890050F864 /* R.swift in Sources */,
				0231051929ECBB490050F864 /* ResourceFramework.docc in Sources */,
			);
			runOnlyForDeploymentPostprocessing = 0;
		};
		0231051A29ECBB490050F864 /* Sources */ = {
			isa = PBXSourcesBuildPhase;
			buildActionMask = 2147483647;
			files = (
				0231052429ECBB490050F864 /* ResourceFrameworkTests.swift in Sources */,
			);
			runOnlyForDeploymentPostprocessing = 0;
		};
/* End PBXSourcesBuildPhase section */

/* Begin PBXTargetDependency section */
		0231052129ECBB490050F864 /* PBXTargetDependency */ = {
			isa = PBXTargetDependency;
			target = 0231051329ECBB490050F864 /* ResourceFramework */;
			targetProxy = 0231052029ECBB490050F864 /* PBXContainerItemProxy */;
		};
/* End PBXTargetDependency section */

/* Begin XCBuildConfiguration section */
		0231052629ECBB490050F864 /* Debug */ = {
			isa = XCBuildConfiguration;
			buildSettings = {
				ALWAYS_SEARCH_USER_PATHS = NO;
				CLANG_ANALYZER_NONNULL = YES;
				CLANG_ANALYZER_NUMBER_OBJECT_CONVERSION = YES_AGGRESSIVE;
				CLANG_CXX_LANGUAGE_STANDARD = "gnu++20";
				CLANG_ENABLE_MODULES = YES;
				CLANG_ENABLE_OBJC_ARC = YES;
				CLANG_ENABLE_OBJC_WEAK = YES;
				CLANG_WARN_BLOCK_CAPTURE_AUTORELEASING = YES;
				CLANG_WARN_BOOL_CONVERSION = YES;
				CLANG_WARN_COMMA = YES;
				CLANG_WARN_CONSTANT_CONVERSION = YES;
				CLANG_WARN_DEPRECATED_OBJC_IMPLEMENTATIONS = YES;
				CLANG_WARN_DIRECT_OBJC_ISA_USAGE = YES_ERROR;
				CLANG_WARN_DOCUMENTATION_COMMENTS = YES;
				CLANG_WARN_EMPTY_BODY = YES;
				CLANG_WARN_ENUM_CONVERSION = YES;
				CLANG_WARN_INFINITE_RECURSION = YES;
				CLANG_WARN_INT_CONVERSION = YES;
				CLANG_WARN_NON_LITERAL_NULL_CONVERSION = YES;
				CLANG_WARN_OBJC_IMPLICIT_RETAIN_SELF = YES;
				CLANG_WARN_OBJC_LITERAL_CONVERSION = YES;
				CLANG_WARN_OBJC_ROOT_CLASS = YES_ERROR;
				CLANG_WARN_QUOTED_INCLUDE_IN_FRAMEWORK_HEADER = YES;
				CLANG_WARN_RANGE_LOOP_ANALYSIS = YES;
				CLANG_WARN_STRICT_PROTOTYPES = YES;
				CLANG_WARN_SUSPICIOUS_MOVE = YES;
				CLANG_WARN_UNGUARDED_AVAILABILITY = YES_AGGRESSIVE;
				CLANG_WARN_UNREACHABLE_CODE = YES;
				CLANG_WARN__DUPLICATE_METHOD_MATCH = YES;
				COPY_PHASE_STRIP = NO;
				CURRENT_PROJECT_VERSION = 1;
				DEBUG_INFORMATION_FORMAT = dwarf;
				ENABLE_STRICT_OBJC_MSGSEND = YES;
				ENABLE_TESTABILITY = YES;
				GCC_C_LANGUAGE_STANDARD = gnu11;
				GCC_DYNAMIC_NO_PIC = NO;
				GCC_NO_COMMON_BLOCKS = YES;
				GCC_OPTIMIZATION_LEVEL = 0;
				GCC_PREPROCESSOR_DEFINITIONS = (
					"DEBUG=1",
					"$(inherited)",
				);
				GCC_WARN_64_TO_32_BIT_CONVERSION = YES;
				GCC_WARN_ABOUT_RETURN_TYPE = YES_ERROR;
				GCC_WARN_UNDECLARED_SELECTOR = YES;
				GCC_WARN_UNINITIALIZED_AUTOS = YES_AGGRESSIVE;
				GCC_WARN_UNUSED_FUNCTION = YES;
				GCC_WARN_UNUSED_VARIABLE = YES;
				IPHONEOS_DEPLOYMENT_TARGET = 16.2;
				MTL_ENABLE_DEBUG_INFO = INCLUDE_SOURCE;
				MTL_FAST_MATH = YES;
				ONLY_ACTIVE_ARCH = YES;
				SDKROOT = iphoneos;
				SWIFT_ACTIVE_COMPILATION_CONDITIONS = DEBUG;
				SWIFT_OPTIMIZATION_LEVEL = "-Onone";
				VERSIONING_SYSTEM = "apple-generic";
				VERSION_INFO_PREFIX = "";
			};
			name = Debug;
		};
		0231052729ECBB490050F864 /* Release */ = {
			isa = XCBuildConfiguration;
			buildSettings = {
				ALWAYS_SEARCH_USER_PATHS = NO;
				CLANG_ANALYZER_NONNULL = YES;
				CLANG_ANALYZER_NUMBER_OBJECT_CONVERSION = YES_AGGRESSIVE;
				CLANG_CXX_LANGUAGE_STANDARD = "gnu++20";
				CLANG_ENABLE_MODULES = YES;
				CLANG_ENABLE_OBJC_ARC = YES;
				CLANG_ENABLE_OBJC_WEAK = YES;
				CLANG_WARN_BLOCK_CAPTURE_AUTORELEASING = YES;
				CLANG_WARN_BOOL_CONVERSION = YES;
				CLANG_WARN_COMMA = YES;
				CLANG_WARN_CONSTANT_CONVERSION = YES;
				CLANG_WARN_DEPRECATED_OBJC_IMPLEMENTATIONS = YES;
				CLANG_WARN_DIRECT_OBJC_ISA_USAGE = YES_ERROR;
				CLANG_WARN_DOCUMENTATION_COMMENTS = YES;
				CLANG_WARN_EMPTY_BODY = YES;
				CLANG_WARN_ENUM_CONVERSION = YES;
				CLANG_WARN_INFINITE_RECURSION = YES;
				CLANG_WARN_INT_CONVERSION = YES;
				CLANG_WARN_NON_LITERAL_NULL_CONVERSION = YES;
				CLANG_WARN_OBJC_IMPLICIT_RETAIN_SELF = YES;
				CLANG_WARN_OBJC_LITERAL_CONVERSION = YES;
				CLANG_WARN_OBJC_ROOT_CLASS = YES_ERROR;
				CLANG_WARN_QUOTED_INCLUDE_IN_FRAMEWORK_HEADER = YES;
				CLANG_WARN_RANGE_LOOP_ANALYSIS = YES;
				CLANG_WARN_STRICT_PROTOTYPES = YES;
				CLANG_WARN_SUSPICIOUS_MOVE = YES;
				CLANG_WARN_UNGUARDED_AVAILABILITY = YES_AGGRESSIVE;
				CLANG_WARN_UNREACHABLE_CODE = YES;
				CLANG_WARN__DUPLICATE_METHOD_MATCH = YES;
				COPY_PHASE_STRIP = NO;
				CURRENT_PROJECT_VERSION = 1;
				DEBUG_INFORMATION_FORMAT = "dwarf-with-dsym";
				ENABLE_NS_ASSERTIONS = NO;
				ENABLE_STRICT_OBJC_MSGSEND = YES;
				GCC_C_LANGUAGE_STANDARD = gnu11;
				GCC_NO_COMMON_BLOCKS = YES;
				GCC_WARN_64_TO_32_BIT_CONVERSION = YES;
				GCC_WARN_ABOUT_RETURN_TYPE = YES_ERROR;
				GCC_WARN_UNDECLARED_SELECTOR = YES;
				GCC_WARN_UNINITIALIZED_AUTOS = YES_AGGRESSIVE;
				GCC_WARN_UNUSED_FUNCTION = YES;
				GCC_WARN_UNUSED_VARIABLE = YES;
				IPHONEOS_DEPLOYMENT_TARGET = 16.2;
				MTL_ENABLE_DEBUG_INFO = NO;
				MTL_FAST_MATH = YES;
				SDKROOT = iphoneos;
				SWIFT_COMPILATION_MODE = wholemodule;
				SWIFT_OPTIMIZATION_LEVEL = "-O";
				VALIDATE_PRODUCT = YES;
				VERSIONING_SYSTEM = "apple-generic";
				VERSION_INFO_PREFIX = "";
			};
			name = Release;
		};
		0231052929ECBB490050F864 /* Debug */ = {
			isa = XCBuildConfiguration;
			buildSettings = {
				CODE_SIGN_STYLE = Automatic;
				CURRENT_PROJECT_VERSION = 1;
				DEFINES_MODULE = YES;
				DEVELOPMENT_TEAM = 8AN45VBDM4;
				DYLIB_COMPATIBILITY_VERSION = 1;
				DYLIB_CURRENT_VERSION = 1;
				DYLIB_INSTALL_NAME_BASE = "@rpath";
				GENERATE_INFOPLIST_FILE = YES;
				INFOPLIST_KEY_NSHumanReadableCopyright = "";
				INSTALL_PATH = "$(LOCAL_LIBRARY_DIR)/Frameworks";
				LD_RUNPATH_SEARCH_PATHS = (
					"$(inherited)",
					"@executable_path/Frameworks",
					"@loader_path/Frameworks",
				);
				MARKETING_VERSION = 1.0;
				PRODUCT_BUNDLE_IDENTIFIER = YooHyeonJi.ResourceFramework;
				PRODUCT_NAME = "$(TARGET_NAME:c99extidentifier)";
				SKIP_INSTALL = YES;
				SWIFT_EMIT_LOC_STRINGS = YES;
				SWIFT_VERSION = 5.0;
				TARGETED_DEVICE_FAMILY = "1,2";
			};
			name = Debug;
		};
		0231052A29ECBB490050F864 /* Release */ = {
			isa = XCBuildConfiguration;
			buildSettings = {
				CODE_SIGN_STYLE = Automatic;
				CURRENT_PROJECT_VERSION = 1;
				DEFINES_MODULE = YES;
				DEVELOPMENT_TEAM = 8AN45VBDM4;
				DYLIB_COMPATIBILITY_VERSION = 1;
				DYLIB_CURRENT_VERSION = 1;
				DYLIB_INSTALL_NAME_BASE = "@rpath";
				GENERATE_INFOPLIST_FILE = YES;
				INFOPLIST_KEY_NSHumanReadableCopyright = "";
				INSTALL_PATH = "$(LOCAL_LIBRARY_DIR)/Frameworks";
				LD_RUNPATH_SEARCH_PATHS = (
					"$(inherited)",
					"@executable_path/Frameworks",
					"@loader_path/Frameworks",
				);
				MARKETING_VERSION = 1.0;
				PRODUCT_BUNDLE_IDENTIFIER = YooHyeonJi.ResourceFramework;
				PRODUCT_NAME = "$(TARGET_NAME:c99extidentifier)";
				SKIP_INSTALL = YES;
				SWIFT_EMIT_LOC_STRINGS = YES;
				SWIFT_VERSION = 5.0;
				TARGETED_DEVICE_FAMILY = "1,2";
			};
			name = Release;
		};
		0231052C29ECBB490050F864 /* Debug */ = {
			isa = XCBuildConfiguration;
			buildSettings = {
				ALWAYS_EMBED_SWIFT_STANDARD_LIBRARIES = YES;
				CODE_SIGN_STYLE = Automatic;
				CURRENT_PROJECT_VERSION = 1;
				DEVELOPMENT_TEAM = 8AN45VBDM4;
				GENERATE_INFOPLIST_FILE = YES;
				MARKETING_VERSION = 1.0;
				PRODUCT_BUNDLE_IDENTIFIER = YooHyeonJi.ResourceFrameworkTests;
				PRODUCT_NAME = "$(TARGET_NAME)";
				SWIFT_EMIT_LOC_STRINGS = NO;
				SWIFT_VERSION = 5.0;
				TARGETED_DEVICE_FAMILY = "1,2";
			};
			name = Debug;
		};
		0231052D29ECBB490050F864 /* Release */ = {
			isa = XCBuildConfiguration;
			buildSettings = {
				ALWAYS_EMBED_SWIFT_STANDARD_LIBRARIES = YES;
				CODE_SIGN_STYLE = Automatic;
				CURRENT_PROJECT_VERSION = 1;
				DEVELOPMENT_TEAM = 8AN45VBDM4;
				GENERATE_INFOPLIST_FILE = YES;
				MARKETING_VERSION = 1.0;
				PRODUCT_BUNDLE_IDENTIFIER = YooHyeonJi.ResourceFrameworkTests;
				PRODUCT_NAME = "$(TARGET_NAME)";
				SWIFT_EMIT_LOC_STRINGS = NO;
				SWIFT_VERSION = 5.0;
				TARGETED_DEVICE_FAMILY = "1,2";
			};
			name = Release;
		};
/* End XCBuildConfiguration section */

/* Begin XCConfigurationList section */
		0231050E29ECBB490050F864 /* Build configuration list for PBXProject "ResourceFramework" */ = {
			isa = XCConfigurationList;
			buildConfigurations = (
				0231052629ECBB490050F864 /* Debug */,
				0231052729ECBB490050F864 /* Release */,
			);
			defaultConfigurationIsVisible = 0;
			defaultConfigurationName = Release;
		};
		0231052829ECBB490050F864 /* Build configuration list for PBXNativeTarget "ResourceFramework" */ = {
			isa = XCConfigurationList;
			buildConfigurations = (
				0231052929ECBB490050F864 /* Debug */,
				0231052A29ECBB490050F864 /* Release */,
			);
			defaultConfigurationIsVisible = 0;
			defaultConfigurationName = Release;
		};
		0231052B29ECBB490050F864 /* Build configuration list for PBXNativeTarget "ResourceFrameworkTests" */ = {
			isa = XCConfigurationList;
			buildConfigurations = (
				0231052C29ECBB490050F864 /* Debug */,
				0231052D29ECBB490050F864 /* Release */,
			);
			defaultConfigurationIsVisible = 0;
			defaultConfigurationName = Release;
		};
/* End XCConfigurationList section */
	};
	rootObject = 0231050B29ECBB490050F864 /* Project object */;
}
